
Microsoft Visual Studio Solution File, Format Version 12.00
# Visual Studio Version 17
VisualStudioVersion = 17.8.34330.188
MinimumVisualStudioVersion = 10.0.40219.1
Project("{FAE04EC0-301F-11D3-BF4B-00C04F79EFBC}") = "Disable-UAC", "Disable-UAC\Disable-UAC.csproj", "{1EB55CFE-9C19-4494-B6B3-4874E431C589}"
EndProject
Global
	GlobalSection(SolutionConfigurationPlatforms) = preSolution
		Debug|Any CPU = Debug|Any CPU
		Release|Any CPU = Release|Any CPU
	EndGlobalSection
	GlobalSection(ProjectConfigurationPlatforms) = postSolution
		{1EB55CFE-9C19-4494-B6B3-4874E431C589}.Debug|Any CPU.ActiveCfg = Debug|Any CPU
		{1EB55CFE-9C19-4494-B6B3-4874E431C589}.Debug|Any CPU.Build.0 = Debug|Any CPU
		{1EB55CFE-9C19-4494-B6B3-4874E431C589}.Release|Any CPU.ActiveCfg = Release|Any CPU
		{1EB55CFE-9C19-4494-B6B3-4874E431C589}.Release|Any CPU.Build.0 = Release|Any CPU
	EndGlobalSection
	GlobalSection(SolutionProperties) = preSolution
		HideSolutionNode = FALSE
	EndGlobalSection
	GlobalSection(ExtensibilityGlobals) = postSolution
		SolutionGuid = {23BDC6E1-A993-4077-928D-CE7F6D0ABC06}
	EndGlobalSection
EndGlobal
